// !$*UTF8*$!
{
	archiveVersion = 1;
	classes = {
	};
	objectVersion = 54;
	objects = {

/* Begin PBXBuildFile section */
		0C80B921A6F3F58F76C31292 /* libPods-KiselNativeProbe.a in Frameworks */ = {isa = PBXBuildFile; fileRef = 5DCACB8F33CDC322A6C60F78 /* libPods-KiselNativeProbe.a */; };
		13B07FBF1A68108700A75B9A /* Images.xcassets in Resources */ = {isa = PBXBuildFile; fileRef = 13B07FB51A68108700A75B9A /* Images.xcassets */; };
		4BF01730A6634D0B5482F751 /* RCTCocosHost.mm in Sources */ = {isa = PBXBuildFile; fileRef = A76AE301C3788F7427002CC5 /* RCTCocosHost.mm */; };
		6708E8F1FFE0DD44A3B6BB1B /* KiselCocosRuntime.mm in Sources */ = {isa = PBXBuildFile; fileRef = 61BDB92D8242074EB9B3B8B7 /* KiselCocosRuntime.mm */; settings = {COMPILER_FLAGS = "-DCC_PLATFORM_WINDOWS\\=2 -DCC_PLATFORM_MACOS\\=4 -DCC_PLATFORM_IOS\\=1 -DCC_PLATFORM_MAC_OSX\\=4 -DCC_PLATFORM_MAC_IOS\\=1 -DCC_PLATFORM_ANDROID\\=3 -DCC_PLATFORM_OHOS\\=5 -DCC_PLATFORM_LINUX\\=6 -DCC_PLATFORM_QNX\\=7 -DCC_PLATFORM_NX\\=8 -DCC_PLATFORM_OPENHARMONY\\=10 -DCC_PLATFORM_EMSCRIPTEN\\=9 -DCC_PLATFORM\\=1 -DCC_NETMODE_CLIENT\\=0 -DCC_NETMODE_LISTEN_SERVER\\=1 -DCC_NETMODE_HOST_SERVER\\=2 -DCC_NETMODE\\=0 -DCC_USE_VIDEO\\=1 -DCC_USE_WEBVIEW\\=1 -DCC_USE_AUDIO\\=1 -DCC_USE_XR\\=0 -DCC_USE_XR_REMOTE_PREVIEW\\=0 -DCC_USE_SOCKET\\=0 -DCC_USE_WEBSOCKET_SERVER\\=0 -DCC_USE_EDITBOX\\=1 -DCC_USE_MIDDLEWARE\\=1 -DCC_USE_SPINE\\=1 -DCC_USE_SPINE_3_8\\=1 -DCC_USE_SPINE_4_2\\=0 -DCC_USE_DRAGONBONES\\=1 -DCC_USE_JOB_SYSTEM_TBB\\=0 -DCC_USE_JOB_SYSTEM_TASKFLOW\\=0 -DCC_USE_PHYSICS_PHYSX\\=0 -DCC_USE_AR_MODULE\\=0 -DCC_USE_AR_AUTO\\=0 -DCC_USE_AR_CORE\\=0 -DCC_USE_AR_ENGINE\\=0 -DCC_USE_OCCLUSION_QUERY\\=0 -DCC_USE_DEBUG_RENDERER\\=0 -DCC_USE_GEOMETRY_RENDERER\\=0 -DCC_USE_WEBP\\=1 -DCC_EDITOR\\=0 -DSCRIPT_ENGINE_TYPE\\=2 -DCC_DEBUG\\=1 -DCC_USE_ADPF\\=0 -DCC_USE_GOOGLE_BILLING\\=0 -DCC_USE_GOOGLE_PLAY_GAMES\\=0 -DCC_USE_BOX2D_JSB\\=0 -DCC_USE_GAMEPAD\\=1 -DCC_USE_METAL"; }; };
		761780ED2CA45674006654EE /* AppDelegate.swift in Sources */ = {isa = PBXBuildFile; fileRef = 761780EC2CA45674006654EE /* AppDelegate.swift */; };
		81AB9BB82411601600AC10FF /* LaunchScreen.storyboard in Resources */ = {isa = PBXBuildFile; fileRef = 81AB9BB72411601600AC10FF /* LaunchScreen.storyboard */; };
		EEBA5E98A96390257F6DFD4E /* PrivacyInfo.xcprivacy in Resources */ = {isa = PBXBuildFile; fileRef = 13B07FB81A68108700A75B9A /* PrivacyInfo.xcprivacy */; };
/* End PBXBuildFile section */

/* Begin PBXFileReference section */
		13B07F961A680F5B00A75B9A /* KiselNativeProbe.app */ = {isa = PBXFileReference; explicitFileType = wrapper.application; includeInIndex = 0; path = KiselNativeProbe.app; sourceTree = BUILT_PRODUCTS_DIR; };
		13B07FB51A68108700A75B9A /* Images.xcassets */ = {isa = PBXFileReference; lastKnownFileType = folder.assetcatalog; name = Images.xcassets; path = KiselNativeProbe/Images.xcassets; sourceTree = "<group>"; };
		13B07FB61A68108700A75B9A /* Info.plist */ = {isa = PBXFileReference; fileEncoding = 4; lastKnownFileType = text.plist.xml; name = Info.plist; path = KiselNativeProbe/Info.plist; sourceTree = "<group>"; };
		13B07FB81A68108700A75B9A /* PrivacyInfo.xcprivacy */ = {isa = PBXFileReference; fileEncoding = 4; lastKnownFileType = text.plist.xml; name = PrivacyInfo.xcprivacy; path = KiselNativeProbe/PrivacyInfo.xcprivacy; sourceTree = "<group>"; };
		26FE1E99E6403E3683DA20BE /* KiselCocosRuntime.h */ = {isa = PBXFileReference; includeInIndex = 1; lastKnownFileType = sourcecode.c.h; path = KiselNativeProbe/KiselCocosRuntime.h; sourceTree = "<group>"; };
		3B4392A12AC88292D35C810B /* Pods-KiselNativeProbe.debug.xcconfig */ = {isa = PBXFileReference; includeInIndex = 1; lastKnownFileType = text.xcconfig; name = "Pods-KiselNativeProbe.debug.xcconfig"; path = "Target Support Files/Pods-KiselNativeProbe/Pods-KiselNativeProbe.debug.xcconfig"; sourceTree = "<group>"; };
		5709B34CF0A7D63546082F79 /* Pods-KiselNativeProbe.release.xcconfig */ = {isa = PBXFileReference; includeInIndex = 1; lastKnownFileType = text.xcconfig; name = "Pods-KiselNativeProbe.release.xcconfig"; path = "Target Support Files/Pods-KiselNativeProbe/Pods-KiselNativeProbe.release.xcconfig"; sourceTree = "<group>"; };
		5DCACB8F33CDC322A6C60F78 /* libPods-KiselNativeProbe.a */ = {isa = PBXFileReference; explicitFileType = archive.ar; includeInIndex = 0; path = "libPods-KiselNativeProbe.a"; sourceTree = BUILT_PRODUCTS_DIR; };
		61BDB92D8242074EB9B3B8B7 /* KiselCocosRuntime.mm */ = {isa = PBXFileReference; includeInIndex = 1; path = KiselNativeProbe/KiselCocosRuntime.mm; sourceTree = "<group>"; };
		761780EC2CA45674006654EE /* AppDelegate.swift */ = {isa = PBXFileReference; lastKnownFileType = sourcecode.swift; name = AppDelegate.swift; path = KiselNativeProbe/AppDelegate.swift; sourceTree = "<group>"; };
		81AB9BB72411601600AC10FF /* LaunchScreen.storyboard */ = {isa = PBXFileReference; fileEncoding = 4; lastKnownFileType = file.storyboard; name = LaunchScreen.storyboard; path = KiselNativeProbe/LaunchScreen.storyboard; sourceTree = "<group>"; };
		A76AE301C3788F7427002CC5 /* RCTCocosHost.mm */ = {isa = PBXFileReference; includeInIndex = 1; path = KiselNativeProbe/RCTCocosHost.mm; sourceTree = "<group>"; };
		ED297162215061F000B7C4FE /* JavaScriptCore.framework */ = {isa = PBXFileReference; lastKnownFileType = wrapper.framework; name = JavaScriptCore.framework; path = System/Library/Frameworks/JavaScriptCore.framework; sourceTree = SDKROOT; };
/* End PBXFileReference section */

/* Begin PBXFrameworksBuildPhase section */
		13B07F8C1A680F5B00A75B9A /* Frameworks */ = {
			isa = PBXFrameworksBuildPhase;
			buildActionMask = 2147483647;
			files = (
				0C80B921A6F3F58F76C31292 /* libPods-KiselNativeProbe.a in Frameworks */,
			);
			runOnlyForDeploymentPostprocessing = 0;
		};
/* End PBXFrameworksBuildPhase section */

/* Begin PBXGroup section */
		13B07FAE1A68108700A75B9A /* KiselNativeProbe */ = {
			isa = PBXGroup;
			children = (
				13B07FB51A68108700A75B9A /* Images.xcassets */,
				761780EC2CA45674006654EE /* AppDelegate.swift */,
				13B07FB61A68108700A75B9A /* Info.plist */,
				81AB9BB72411601600AC10FF /* LaunchScreen.storyboard */,
				13B07FB81A68108700A75B9A /* PrivacyInfo.xcprivacy */,
				A76AE301C3788F7427002CC5 /* RCTCocosHost.mm */,
				61BDB92D8242074EB9B3B8B7 /* KiselCocosRuntime.mm */,
				26FE1E99E6403E3683DA20BE /* KiselCocosRuntime.h */,
			);
			name = KiselNativeProbe;
			sourceTree = "<group>";
		};
		2D16E6871FA4F8E400B85C8A /* Frameworks */ = {
			isa = PBXGroup;
			children = (
				ED297162215061F000B7C4FE /* JavaScriptCore.framework */,
				5DCACB8F33CDC322A6C60F78 /* libPods-KiselNativeProbe.a */,
			);
			name = Frameworks;
			sourceTree = "<group>";
		};
		832341AE1AAA6A7D00B99B32 /* Libraries */ = {
			isa = PBXGroup;
			children = (
			);
			name = Libraries;
			sourceTree = "<group>";
		};
		83CBB9F61A601CBA00E9B192 = {
			isa = PBXGroup;
			children = (
				13B07FAE1A68108700A75B9A /* KiselNativeProbe */,
				832341AE1AAA6A7D00B99B32 /* Libraries */,
				83CBBA001A601CBA00E9B192 /* Products */,
				2D16E6871FA4F8E400B85C8A /* Frameworks */,
				BBD78D7AC51CEA395F1C20DB /* Pods */,
			);
			indentWidth = 2;
			sourceTree = "<group>";
			tabWidth = 2;
			usesTabs = 0;
		};
		83CBBA001A601CBA00E9B192 /* Products */ = {
			isa = PBXGroup;
			children = (
				13B07F961A680F5B00A75B9A /* KiselNativeProbe.app */,
			);
			name = Products;
			sourceTree = "<group>";
		};
		BBD78D7AC51CEA395F1C20DB /* Pods */ = {
			isa = PBXGroup;
			children = (
				3B4392A12AC88292D35C810B /* Pods-KiselNativeProbe.debug.xcconfig */,
				5709B34CF0A7D63546082F79 /* Pods-KiselNativeProbe.release.xcconfig */,
			);
			path = Pods;
			sourceTree = "<group>";
		};
/* End PBXGroup section */

/* Begin PBXNativeTarget section */
		13B07F861A680F5B00A75B9A /* KiselNativeProbe */ = {
			isa = PBXNativeTarget;
			buildConfigurationList = 13B07F931A680F5B00A75B9A /* Build configuration list for PBXNativeTarget "KiselNativeProbe" */;
			buildPhases = (
				C38B50BA6285516D6DCD4F65 /* [CP] Check Pods Manifest.lock */,
				13B07F871A680F5B00A75B9A /* Sources */,
				13B07F8C1A680F5B00A75B9A /* Frameworks */,
				13B07F8E1A680F5B00A75B9A /* Resources */,
				00DD1BFF1BD5951E006B06BC /* Bundle React Native code and images */,
				00EEFC60759A1932668264C0 /* [CP] Embed Pods Frameworks */,
				E235C05ADACE081382539298 /* [CP] Copy Pods Resources */,
				4E15C82B99CE14C7A5400C59 /* Copy Cocos probe data */,
			);
			buildRules = (
			);
			dependencies = (
			);
			name = KiselNativeProbe;
			productName = KiselNativeProbe;
			productReference = 13B07F961A680F5B00A75B9A /* KiselNativeProbe.app */;
			productType = "com.apple.product-type.application";
		};
/* End PBXNativeTarget section */

/* Begin PBXProject section */
		83CBB9F71A601CBA00E9B192 /* Project object */ = {
			isa = PBXProject;
			attributes = {
				LastUpgradeCheck = 1210;
				TargetAttributes = {
					13B07F861A680F5B00A75B9A = {
						LastSwiftMigration = 1120;
					};
				};
			};
			buildConfigurationList = 83CBB9FA1A601CBA00E9B192 /* Build configuration list for PBXProject "KiselNativeProbe" */;
			compatibilityVersion = "Xcode 12.0";
			developmentRegion = en;
			hasScannedForEncodings = 0;
			knownRegions = (
				en,
				Base,
			);
			mainGroup = 83CBB9F61A601CBA00E9B192;
			productRefGroup = 83CBBA001A601CBA00E9B192 /* Products */;
			projectDirPath = "";
			projectRoot = "";
			targets = (
				13B07F861A680F5B00A75B9A /* KiselNativeProbe */,
			);
		};
/* End PBXProject section */

/* Begin PBXResourcesBuildPhase section */
		13B07F8E1A680F5B00A75B9A /* Resources */ = {
			isa = PBXResourcesBuildPhase;
			buildActionMask = 2147483647;
			files = (
				81AB9BB82411601600AC10FF /* LaunchScreen.storyboard in Resources */,
				13B07FBF1A68108700A75B9A /* Images.xcassets in Resources */,
				EEBA5E98A96390257F6DFD4E /* PrivacyInfo.xcprivacy in Resources */,
			);
			runOnlyForDeploymentPostprocessing = 0;
		};
/* End PBXResourcesBuildPhase section */

/* Begin PBXShellScriptBuildPhase section */
		00DD1BFF1BD5951E006B06BC /* Bundle React Native code and images */ = {
			isa = PBXShellScriptBuildPhase;
			buildActionMask = 2147483647;
			files = (
			);
			inputPaths = (
				"$(SRCROOT)/.xcode.env.local",
				"$(SRCROOT)/.xcode.env",
			);
			name = "Bundle React Native code and images";
			outputPaths = (
			);
			runOnlyForDeploymentPostprocessing = 0;
			shellPath = /bin/sh;
			shellScript = "set -e\n\nWITH_ENVIRONMENT=\"$REACT_NATIVE_PATH/scripts/xcode/with-environment.sh\"\nREACT_NATIVE_XCODE=\"$REACT_NATIVE_PATH/scripts/react-native-xcode.sh\"\n\n/bin/sh -c \"\\\"$WITH_ENVIRONMENT\\\" \\\"$REACT_NATIVE_XCODE\\\"\"\n";
		};
		00EEFC60759A1932668264C0 /* [CP] Embed Pods Frameworks */ = {
			isa = PBXShellScriptBuildPhase;
			buildActionMask = 2147483647;
			files = (
			);
			inputFileListPaths = (
				"${PODS_ROOT}/Target Support Files/Pods-KiselNativeProbe/Pods-KiselNativeProbe-frameworks-${CONFIGURATION}-input-files.xcfilelist",
			);
			name = "[CP] Embed Pods Frameworks";
			outputFileListPaths = (
				"${PODS_ROOT}/Target Support Files/Pods-KiselNativeProbe/Pods-KiselNativeProbe-frameworks-${CONFIGURATION}-output-files.xcfilelist",
			);
			runOnlyForDeploymentPostprocessing = 0;
			shellPath = /bin/sh;
			shellScript = "\"${PODS_ROOT}/Target Support Files/Pods-KiselNativeProbe/Pods-KiselNativeProbe-frameworks.sh\"\n";
			showEnvVarsInLog = 0;
		};
		4E15C82B99CE14C7A5400C59 /* Copy Cocos probe data */ = {
			isa = PBXShellScriptBuildPhase;
			alwaysOutOfDate = 1;
			buildActionMask = 2147483647;
			files = (
			);
			inputFileListPaths = (
			);
			inputPaths = (
			);
			name = "Copy Cocos probe data";
			outputFileListPaths = (
			);
			outputPaths = (
			);
			runOnlyForDeploymentPostprocessing = 0;
			shellPath = /bin/sh;
			shellScript = "set -e\n/usr/bin/ditto \"$SRCROOT/../../cocos-probe/build/ios/data\" \"$TARGET_BUILD_DIR/$UNLOCALIZED_RESOURCES_FOLDER_PATH\"\n";
		};
		C38B50BA6285516D6DCD4F65 /* [CP] Check Pods Manifest.lock */ = {
			isa = PBXShellScriptBuildPhase;
			buildActionMask = 2147483647;
			files = (
			);
			inputFileListPaths = (
			);
			inputPaths = (
				"${PODS_PODFILE_DIR_PATH}/Podfile.lock",
				"${PODS_ROOT}/Manifest.lock",
			);
			name = "[CP] Check Pods Manifest.lock";
			outputFileListPaths = (
			);
			outputPaths = (
				"$(DERIVED_FILE_DIR)/Pods-KiselNativeProbe-checkManifestLockResult.txt",
			);
			runOnlyForDeploymentPostprocessing = 0;
			shellPath = /bin/sh;
			shellScript = "diff \"${PODS_PODFILE_DIR_PATH}/Podfile.lock\" \"${PODS_ROOT}/Manifest.lock\" > /dev/null\nif [ $? != 0 ] ; then\n    # print error to STDERR\n    echo \"error: The sandbox is not in sync with the Podfile.lock. Run 'pod install' or update your CocoaPods installation.\" >&2\n    exit 1\nfi\n# This output is used by Xcode 'outputs' to avoid re-running this script phase.\necho \"SUCCESS\" > \"${SCRIPT_OUTPUT_FILE_0}\"\n";
			showEnvVarsInLog = 0;
		};
		E235C05ADACE081382539298 /* [CP] Copy Pods Resources */ = {
			isa = PBXShellScriptBuildPhase;
			buildActionMask = 2147483647;
			files = (
			);
			inputFileListPaths = (
				"${PODS_ROOT}/Target Support Files/Pods-KiselNativeProbe/Pods-KiselNativeProbe-resources-${CONFIGURATION}-input-files.xcfilelist",
			);
			name = "[CP] Copy Pods Resources";
			outputFileListPaths = (
				"${PODS_ROOT}/Target Support Files/Pods-KiselNativeProbe/Pods-KiselNativeProbe-resources-${CONFIGURATION}-output-files.xcfilelist",
			);
			runOnlyForDeploymentPostprocessing = 0;
			shellPath = /bin/sh;
			shellScript = "\"${PODS_ROOT}/Target Support Files/Pods-KiselNativeProbe/Pods-KiselNativeProbe-resources.sh\"\n";
			showEnvVarsInLog = 0;
		};
/* End PBXShellScriptBuildPhase section */

/* Begin PBXSourcesBuildPhase section */
		13B07F871A680F5B00A75B9A /* Sources */ = {
			isa = PBXSourcesBuildPhase;
			buildActionMask = 2147483647;
			files = (
				761780ED2CA45674006654EE /* AppDelegate.swift in Sources */,
				4BF01730A6634D0B5482F751 /* RCTCocosHost.mm in Sources */,
				6708E8F1FFE0DD44A3B6BB1B /* KiselCocosRuntime.mm in Sources */,
			);
			runOnlyForDeploymentPostprocessing = 0;
		};
/* End PBXSourcesBuildPhase section */

/* Begin XCBuildConfiguration section */
		13B07F941A680F5B00A75B9A /* Debug */ = {
			isa = XCBuildConfiguration;
			baseConfigurationReference = 3B4392A12AC88292D35C810B /* Pods-KiselNativeProbe.debug.xcconfig */;
			buildSettings = {
				ASSETCATALOG_COMPILER_APPICON_NAME = AppIcon;
				CLANG_ENABLE_MODULES = YES;
				CURRENT_PROJECT_VERSION = 1;
				ENABLE_BITCODE = NO;
				HEADER_SEARCH_PATHS = (
					"$(inherited)",
					"$(SRCROOT)/../../../../.tools/cocos-3.8.8/CocosCreator.app/Contents/Resources/resources/3d/engine/native/external/sources",
					"$(SRCROOT)/../../../../.tools/cocos-3.8.8/CocosCreator.app/Contents/Resources/resources/3d/engine/native/cocos/editor-support/spine/3.8",
					"$(SRCROOT)/../../cocos-probe/native/engine/common/Classes",
					"$(SRCROOT)/../../cocos-probe/native/engine/ios/service",
					"$(SRCROOT)/../../../../.tools/cocos-3.8.8/CocosCreator.app/Contents/Resources/resources/3d/engine/native/external/ios-m1-simulator/include",
					"$(SRCROOT)/../../../../.tools/cocos-3.8.8/CocosCreator.app/Contents/Resources/resources/3d/engine/native",
					"$(SRCROOT)/../../../../.tools/cocos-3.8.8/CocosCreator.app/Contents/Resources/resources/3d/engine/native/cocos",
					"$(SRCROOT)/../../../../.tools/cocos-3.8.8/CocosCreator.app/Contents/Resources/resources/3d/engine/native/cocos/renderer",
					"$(SRCROOT)/../../../../.tools/cocos-3.8.8/CocosCreator.app/Contents/Resources/resources/3d/engine/native/cocos/platform",
					"$(SRCROOT)/../../../../.tools/cocos-3.8.8/CocosCreator.app/Contents/Resources/resources/3d/engine/native/cocos/renderer/core",
					"$(SRCROOT)/../../../../.tools/cocos-3.8.8/CocosCreator.app/Contents/Resources/resources/3d/engine/native/cocos/editor-support",
					"$(SRCROOT)/../../cocos-probe/build/ios/proj/generated",
					"$(SRCROOT)/../../cocos-probe/build/ios/proj/generated/cocos",
					"$(SRCROOT)/../../../../.tools/cocos-3.8.8/CocosCreator.app/Contents/Resources/resources/3d/engine/native/cocos/bindings/jswrapper",
					"$(SRCROOT)/../../../../.tools/cocos-3.8.8/CocosCreator.app/Contents/Resources/resources/3d/engine/native/external/sources/khronos",
					"$(SRCROOT)/../../../../.tools/cocos-3.8.8/CocosCreator.app/Contents/Resources/resources/3d/engine/native/cocos/platform/ios",
				);
				INFOPLIST_FILE = KiselNativeProbe/Info.plist;
				IPHONEOS_DEPLOYMENT_TARGET = 15.1;
				LD_RUNPATH_SEARCH_PATHS = (
					"$(inherited)",
					"@executable_path/Frameworks",
				);
				MARKETING_VERSION = 1.0;
				OTHER_LDFLAGS = (
					"$(inherited)",
					"-ObjC",
					"'-Wl,-ld_classic' -Wl,-headerpad_max_install_names",
					"$(SRCROOT)/../../cocos-probe/build/ios/proj/archives/Debug/libcocos_engine.a",
					"-liconv",
					"-framework AudioToolbox",
					"-framework Foundation",
					"-framework OpenAL",
					"-framework GameController",
					"-framework Metal",
					"-framework MetalKit",
					"-framework QuartzCore",
					"-framework MetalPerformanceShaders",
					"-lsqlite3",
					"-framework Security",
					"-framework SystemConfiguration",
					"$(SRCROOT)/../../cocos-probe/build/ios/proj/boost/container/archives/Debug/libboost_container.a",
					"$(SRCROOT)/../../../../.tools/cocos-3.8.8/CocosCreator.app/Contents/Resources/resources/3d/engine/native/external/ios-m1-simulator/libs/libjpeg.a",
					"$(SRCROOT)/../../../../.tools/cocos-3.8.8/CocosCreator.app/Contents/Resources/resources/3d/engine/native/external/ios-m1-simulator/libs/libpng.a",
					"$(SRCROOT)/../../../../.tools/cocos-3.8.8/CocosCreator.app/Contents/Resources/resources/3d/engine/native/external/ios-m1-simulator/libs/libwebp.a",
					"$(SRCROOT)/../../../../.tools/cocos-3.8.8/CocosCreator.app/Contents/Resources/resources/3d/engine/native/external/ios-m1-simulator/libs/glslang/libglslang.a",
					"$(SRCROOT)/../../../../.tools/cocos-3.8.8/CocosCreator.app/Contents/Resources/resources/3d/engine/native/external/ios-m1-simulator/libs/glslang/libglslang-default-resource-limits.a",
					"$(SRCROOT)/../../../../.tools/cocos-3.8.8/CocosCreator.app/Contents/Resources/resources/3d/engine/native/external/ios-m1-simulator/libs/glslang/libMachineIndependent.a",
					"$(SRCROOT)/../../../../.tools/cocos-3.8.8/CocosCreator.app/Contents/Resources/resources/3d/engine/native/external/ios-m1-simulator/libs/glslang/libOGLCompiler.a",
					"$(SRCROOT)/../../../../.tools/cocos-3.8.8/CocosCreator.app/Contents/Resources/resources/3d/engine/native/external/ios-m1-simulator/libs/glslang/libOSDependent.a",
					"$(SRCROOT)/../../../../.tools/cocos-3.8.8/CocosCreator.app/Contents/Resources/resources/3d/engine/native/external/ios-m1-simulator/libs/glslang/libSPIRV.a",
					"$(SRCROOT)/../../../../.tools/cocos-3.8.8/CocosCreator.app/Contents/Resources/resources/3d/engine/native/external/ios-m1-simulator/libs/glslang/libSPIRV-Tools-opt.a",
					"$(SRCROOT)/../../../../.tools/cocos-3.8.8/CocosCreator.app/Contents/Resources/resources/3d/engine/native/external/ios-m1-simulator/libs/glslang/libSPIRV-Tools.a",
					"$(SRCROOT)/../../../../.tools/cocos-3.8.8/CocosCreator.app/Contents/Resources/resources/3d/engine/native/external/ios-m1-simulator/libs/glslang/libGenericCodeGen.a",
					"$(SRCROOT)/../../../../.tools/cocos-3.8.8/CocosCreator.app/Contents/Resources/resources/3d/engine/native/external/ios-m1-simulator/libs/spirv-cross/libspirv-cross-core.a",
					"$(SRCROOT)/../../../../.tools/cocos-3.8.8/CocosCreator.app/Contents/Resources/resources/3d/engine/native/external/ios-m1-simulator/libs/spirv-cross/libspirv-cross-glsl.a",
					"$(SRCROOT)/../../../../.tools/cocos-3.8.8/CocosCreator.app/Contents/Resources/resources/3d/engine/native/external/ios-m1-simulator/libs/spirv-cross/libspirv-cross-msl.a",
					"$(SRCROOT)/../../../../.tools/cocos-3.8.8/CocosCreator.app/Contents/Resources/resources/3d/engine/native/external/ios-m1-simulator/libs/libtbb_static.a",
					"$(SRCROOT)/../../../../.tools/cocos-3.8.8/CocosCreator.app/Contents/Resources/resources/3d/engine/native/external/ios-m1-simulator/libs/libv8_monolith.a",
					"$(SRCROOT)/../../../../.tools/cocos-3.8.8/CocosCreator.app/Contents/Resources/resources/3d/engine/native/external/ios-m1-simulator/libs/libuv_a.a",
					"-framework UIKit",
					"-framework AVKit",
					"-framework WebKit",
					"-framework CoreVideo",
					"-framework CoreMotion",
					"-framework CFNetwork",
					"-framework CoreMedia",
					"-framework CoreText",
					"-framework CoreGraphics",
					"-framework AVFoundation",
					"-lz",
					"$(SRCROOT)/../../../../.tools/cocos-ios-host/libKiselProbeGame.a",
				);
				PRODUCT_BUNDLE_IDENTIFIER = "org.reactjs.native.example.$(PRODUCT_NAME:rfc1034identifier)";
				PRODUCT_NAME = KiselNativeProbe;
				SUPPORTED_PLATFORMS = "iphoneos iphonesimulator";
				SWIFT_OPTIMIZATION_LEVEL = "-Onone";
				SWIFT_VERSION = 5.0;
				TARGETED_DEVICE_FAMILY = "1,2";
				VERSIONING_SYSTEM = "apple-generic";
			};
			name = Debug;
		};
		13B07F951A680F5B00A75B9A /* Release */ = {
			isa = XCBuildConfiguration;
			baseConfigurationReference = 5709B34CF0A7D63546082F79 /* Pods-KiselNativeProbe.release.xcconfig */;
			buildSettings = {
				ASSETCATALOG_COMPILER_APPICON_NAME = AppIcon;
				CLANG_ENABLE_MODULES = YES;
				CURRENT_PROJECT_VERSION = 1;
				INFOPLIST_FILE = KiselNativeProbe/Info.plist;
				IPHONEOS_DEPLOYMENT_TARGET = 15.1;
				LD_RUNPATH_SEARCH_PATHS = (
					"$(inherited)",
					"@executable_path/Frameworks",
				);
				MARKETING_VERSION = 1.0;
				OTHER_LDFLAGS = (
					"$(inherited)",
					"-ObjC",
					"-lc++",
				);
				PRODUCT_BUNDLE_IDENTIFIER = "org.reactjs.native.example.$(PRODUCT_NAME:rfc1034identifier)";
				PRODUCT_NAME = KiselNativeProbe;
				SUPPORTED_PLATFORMS = "iphoneos iphonesimulator";
				SWIFT_VERSION = 5.0;
				TARGETED_DEVICE_FAMILY = "1,2";
				VERSIONING_SYSTEM = "apple-generic";
			};
			name = Release;
		};
		83CBBA201A601CBA00E9B192 /* Debug */ = {
			isa = XCBuildConfiguration;
			buildSettings = {
				ALWAYS_SEARCH_USER_PATHS = NO;
				CLANG_ANALYZER_LOCALIZABILITY_NONLOCALIZED = YES;
				CLANG_CXX_LANGUAGE_STANDARD = "c++20";
				CLANG_CXX_LIBRARY = "libc++";
				CLANG_ENABLE_MODULES = YES;
				CLANG_ENABLE_OBJC_ARC = YES;
				CLANG_WARN_BLOCK_CAPTURE_AUTORELEASING = YES;
				CLANG_WARN_BOOL_CONVERSION = YES;
				CLANG_WARN_COMMA = YES;
				CLANG_WARN_CONSTANT_CONVERSION = YES;
				CLANG_WARN_DEPRECATED_OBJC_IMPLEMENTATIONS = YES;
				CLANG_WARN_DIRECT_OBJC_ISA_USAGE = YES_ERROR;
				CLANG_WARN_EMPTY_BODY = YES;
				CLANG_WARN_ENUM_CONVERSION = YES;
				CLANG_WARN_INFINITE_RECURSION = YES;
				CLANG_WARN_INT_CONVERSION = YES;
				CLANG_WARN_NON_LITERAL_NULL_CONVERSION = YES;
				CLANG_WARN_OBJC_IMPLICIT_RETAIN_SELF = YES;
				CLANG_WARN_OBJC_LITERAL_CONVERSION = YES;
				CLANG_WARN_OBJC_ROOT_CLASS = YES_ERROR;
				CLANG_WARN_QUOTED_INCLUDE_IN_FRAMEWORK_HEADER = YES;
				CLANG_WARN_RANGE_LOOP_ANALYSIS = YES;
				CLANG_WARN_STRICT_PROTOTYPES = YES;
				CLANG_WARN_SUSPICIOUS_MOVE = YES;
				CLANG_WARN_UNREACHABLE_CODE = YES;
				CLANG_WARN__DUPLICATE_METHOD_MATCH = YES;
				"CODE_SIGN_IDENTITY[sdk=iphoneos*]" = "iPhone Developer";
				COPY_PHASE_STRIP = NO;
				ENABLE_STRICT_OBJC_MSGSEND = YES;
				ENABLE_TESTABILITY = YES;
				"EXCLUDED_ARCHS[sdk=iphonesimulator*]" = "";
				GCC_C_LANGUAGE_STANDARD = gnu99;
				GCC_DYNAMIC_NO_PIC = NO;
				GCC_NO_COMMON_BLOCKS = YES;
				GCC_OPTIMIZATION_LEVEL = 0;
				GCC_PREPROCESSOR_DEFINITIONS = (
					"DEBUG=1",
					"$(inherited)",
				);
				GCC_SYMBOLS_PRIVATE_EXTERN = NO;
				GCC_WARN_64_TO_32_BIT_CONVERSION = YES;
				GCC_WARN_ABOUT_RETURN_TYPE = YES_ERROR;
				GCC_WARN_UNDECLARED_SELECTOR = YES;
				GCC_WARN_UNINITIALIZED_AUTOS = YES_AGGRESSIVE;
				GCC_WARN_UNUSED_FUNCTION = YES;
				GCC_WARN_UNUSED_VARIABLE = YES;
				IPHONEOS_DEPLOYMENT_TARGET = 15.1;
				LD_RUNPATH_SEARCH_PATHS = (
					/usr/lib/swift,
					"$(inherited)",
				);
				LIBRARY_SEARCH_PATHS = (
					"\"$(SDKROOT)/usr/lib/swift\"",
					"\"$(TOOLCHAIN_DIR)/usr/lib/swift/$(PLATFORM_NAME)\"",
					"\"$(inherited)\"",
				);
				MTL_ENABLE_DEBUG_INFO = YES;
				ONLY_ACTIVE_ARCH = YES;
				OTHER_CFLAGS = (
					"$(inherited)",
					"-DRCT_REMOVE_LEGACY_ARCH=1",
				);
				OTHER_CPLUSPLUSFLAGS = (
					"$(OTHER_CFLAGS)",
					"-DFOLLY_NO_CONFIG",
					"-DFOLLY_MOBILE=1",
					"-DFOLLY_USE_LIBCPP=1",
					"-DFOLLY_CFG_NO_COROUTINES=1",
					"-DFOLLY_HAVE_CLOCK_GETTIME=1",
					"-DRCT_REMOVE_LEGACY_ARCH=1",
				);
				PODFILE_DIR = "$(SRCROOT)";
				REACT_NATIVE_PATH = "${PODS_ROOT}/../../node_modules/react-native";
				SDKROOT = iphoneos;
				SWIFT_ACTIVE_COMPILATION_CONDITIONS = "$(inherited) DEBUG";
				SWIFT_ENABLE_EXPLICIT_MODULES = NO;
				USE_HERMES = true;
			};
			name = Debug;
		};
		83CBBA211A601CBA00E9B192 /* Release */ = {
			isa = XCBuildConfiguration;
			buildSettings = {
				ALWAYS_SEARCH_USER_PATHS = NO;
				CLANG_ANALYZER_LOCALIZABILITY_NONLOCALIZED = YES;
				CLANG_CXX_LANGUAGE_STANDARD = "c++20";
				CLANG_CXX_LIBRARY = "libc++";
				CLANG_ENABLE_MODULES = YES;
				CLANG_ENABLE_OBJC_ARC = YES;
				CLANG_WARN_BLOCK_CAPTURE_AUTORELEASING = YES;
				CLANG_WARN_BOOL_CONVERSION = YES;
				CLANG_WARN_COMMA = YES;
				CLANG_WARN_CONSTANT_CONVERSION = YES;
				CLANG_WARN_DEPRECATED_OBJC_IMPLEMENTATIONS = YES;
				CLANG_WARN_DIRECT_OBJC_ISA_USAGE = YES_ERROR;
				CLANG_WARN_EMPTY_BODY = YES;
				CLANG_WARN_ENUM_CONVERSION = YES;
				CLANG_WARN_INFINITE_RECURSION = YES;
				CLANG_WARN_INT_CONVERSION = YES;
				CLANG_WARN_NON_LITERAL_NULL_CONVERSION = YES;
				CLANG_WARN_OBJC_IMPLICIT_RETAIN_SELF = YES;
				CLANG_WARN_OBJC_LITERAL_CONVERSION = YES;
				CLANG_WARN_OBJC_ROOT_CLASS = YES_ERROR;
				CLANG_WARN_QUOTED_INCLUDE_IN_FRAMEWORK_HEADER = YES;
				CLANG_WARN_RANGE_LOOP_ANALYSIS = YES;
				CLANG_WARN_STRICT_PROTOTYPES = YES;
				CLANG_WARN_SUSPICIOUS_MOVE = YES;
				CLANG_WARN_UNREACHABLE_CODE = YES;
				CLANG_WARN__DUPLICATE_METHOD_MATCH = YES;
				"CODE_SIGN_IDENTITY[sdk=iphoneos*]" = "iPhone Developer";
				COPY_PHASE_STRIP = YES;
				ENABLE_NS_ASSERTIONS = NO;
				ENABLE_STRICT_OBJC_MSGSEND = YES;
				"EXCLUDED_ARCHS[sdk=iphonesimulator*]" = "";
				GCC_C_LANGUAGE_STANDARD = gnu99;
				GCC_NO_COMMON_BLOCKS = YES;
				GCC_WARN_64_TO_32_BIT_CONVERSION = YES;
				GCC_WARN_ABOUT_RETURN_TYPE = YES_ERROR;
				GCC_WARN_UNDECLARED_SELECTOR = YES;
				GCC_WARN_UNINITIALIZED_AUTOS = YES_AGGRESSIVE;
				GCC_WARN_UNUSED_FUNCTION = YES;
				GCC_WARN_UNUSED_VARIABLE = YES;
				IPHONEOS_DEPLOYMENT_TARGET = 15.1;
				LD_RUNPATH_SEARCH_PATHS = (
					/usr/lib/swift,
					"$(inherited)",
				);
				LIBRARY_SEARCH_PATHS = (
					"\"$(SDKROOT)/usr/lib/swift\"",
					"\"$(TOOLCHAIN_DIR)/usr/lib/swift/$(PLATFORM_NAME)\"",
					"\"$(inherited)\"",
				);
				MTL_ENABLE_DEBUG_INFO = NO;
				OTHER_CFLAGS = (
					"$(inherited)",
					"-DRCT_REMOVE_LEGACY_ARCH=1",
				);
				OTHER_CPLUSPLUSFLAGS = (
					"$(OTHER_CFLAGS)",
					"-DFOLLY_NO_CONFIG",
					"-DFOLLY_MOBILE=1",
					"-DFOLLY_USE_LIBCPP=1",
					"-DFOLLY_CFG_NO_COROUTINES=1",
					"-DFOLLY_HAVE_CLOCK_GETTIME=1",
					"-DRCT_REMOVE_LEGACY_ARCH=1",
				);
				PODFILE_DIR = "$(SRCROOT)";
				REACT_NATIVE_PATH = "${PODS_ROOT}/../../node_modules/react-native";
				SDKROOT = iphoneos;
				SWIFT_ENABLE_EXPLICIT_MODULES = NO;
				USE_HERMES = true;
				VALIDATE_PRODUCT = YES;
			};
			name = Release;
		};
/* End XCBuildConfiguration section */

/* Begin XCConfigurationList section */
		13B07F931A680F5B00A75B9A /* Build configuration list for PBXNativeTarget "KiselNativeProbe" */ = {
			isa = XCConfigurationList;
			buildConfigurations = (
				13B07F941A680F5B00A75B9A /* Debug */,
				13B07F951A680F5B00A75B9A /* Release */,
			);
			defaultConfigurationIsVisible = 0;
			defaultConfigurationName = Release;
		};
		83CBB9FA1A601CBA00E9B192 /* Build configuration list for PBXProject "KiselNativeProbe" */ = {
			isa = XCConfigurationList;
			buildConfigurations = (
				83CBBA201A601CBA00E9B192 /* Debug */,
				83CBBA211A601CBA00E9B192 /* Release */,
			);
			defaultConfigurationIsVisible = 0;
			defaultConfigurationName = Release;
		};
/* End XCConfigurationList section */
	};
	rootObject = 83CBB9F71A601CBA00E9B192 /* Project object */;
}
